
Microsoft Visual Studio Solution File, Format Version 12.00
# Visual Studio Version 17
VisualStudioVersion = 17.2.32630.192
MinimumVisualStudioVersion = 10.0.40219.1
Project("{9A19103F-16F7-4668-BE54-9A1E7A4F7556}") = "WeStock.App", "WeStock.App\WeStock.App.csproj", "{A748FFAD-C1A3-4D8F-ABAE-CE78D59F78E4}"
EndProject
Project("{9A19103F-16F7-4668-BE54-9A1E7A4F7556}") = "WeStock.Domain", "WeStock.Domain\WeStock.Domain.csproj", "{6BDC0EC1-F318-474B-960A-D71EB65103D2}"
EndProject
Project("{9A19103F-16F7-4668-BE54-9A1E7A4F7556}") = "WeStock.Infra", "WeStock.Infra\WeStock.Infra.csproj", "{7DEE01AC-3239-4259-B709-946D14249F9E}"
EndProject
Global
	GlobalSection(SolutionConfigurationPlatforms) = preSolution
		Debug|Any CPU = Debug|Any CPU
		Release|Any CPU = Release|Any CPU
	EndGlobalSection
	GlobalSection(ProjectConfigurationPlatforms) = postSolution
		{A748FFAD-C1A3-4D8F-ABAE-CE78D59F78E4}.Debug|Any CPU.ActiveCfg = Debug|Any CPU
		{A748FFAD-C1A3-4D8F-ABAE-CE78D59F78E4}.Debug|Any CPU.Build.0 = Debug|Any CPU
		{A748FFAD-C1A3-4D8F-ABAE-CE78D59F78E4}.Release|Any CPU.ActiveCfg = Release|Any CPU
		{A748FFAD-C1A3-4D8F-ABAE-CE78D59F78E4}.Release|Any CPU.Build.0 = Release|Any CPU
		{6BDC0EC1-F318-474B-960A-D71EB65103D2}.Debug|Any CPU.ActiveCfg = Debug|Any CPU
		{6BDC0EC1-F318-474B-960A-D71EB65103D2}.Debug|Any CPU.Build.0 = Debug|Any CPU
		{6BDC0EC1-F318-474B-960A-D71EB65103D2}.Release|Any CPU.ActiveCfg = Release|Any CPU
		{6BDC0EC1-F318-474B-960A-D71EB65103D2}.Release|Any CPU.Build.0 = Release|Any CPU
		{7DEE01AC-3239-4259-B709-946D14249F9E}.Debug|Any CPU.ActiveCfg = Debug|Any CPU
		{7DEE01AC-3239-4259-B709-946D14249F9E}.Debug|Any CPU.Build.0 = Debug|Any CPU
		{7DEE01AC-3239-4259-B709-946D14249F9E}.Release|Any CPU.ActiveCfg = Release|Any CPU
		{7DEE01AC-3239-4259-B709-946D14249F9E}.Release|Any CPU.Build.0 = Release|Any CPU
	EndGlobalSection
	GlobalSection(SolutionProperties) = preSolution
		HideSolutionNode = FALSE
	EndGlobalSection
	GlobalSection(ExtensibilityGlobals) = postSolution
		SolutionGuid = {DDB66F8D-EF8E-4FB6-B9F3-8BE7C0C67267}
	EndGlobalSection
EndGlobal
